# This file is autogenerated, do not edit; changes may be undone by the next 'dep ensure'.


[[projects]]
  name = "github.com/Sirupsen/logrus"
  packages = ["."]
  revision = "61e43dc76f7ee59a82bdf3d71033dc12bea4c77d"

[[projects]]
  name = "github.com/beorn7/perks"
  packages = ["quantile"]
  revision = "b965b613227fddccbfffe13eae360ed3fa822f8d"

[[projects]]
  name = "github.com/fatih/camelcase"
  packages = ["."]
  revision = "f6a740d52f961c60348ebb109adde9f4635d7540"

[[projects]]
  name = "github.com/golang/protobuf"
  packages = ["proto"]
  revision = "b982704f8bb716bb608144408cff30e15fbde841"

[[projects]]
  name = "github.com/matttproud/golang_protobuf_extensions"
  packages = ["pbutil"]
  revision = "fc2b8d3a73c4867e51861bbdd5ae3c1f0869dd6a"

[[projects]]
  name = "github.com/onsi/ginkgo"
  packages = [
    ".",
    "config",
    "internal/codelocation",
    "internal/containernode",
    "internal/failer",
    "internal/leafnodes",
    "internal/remote",
    "internal/spec",
    "internal/spec_iterator",
    "internal/specrunner",
    "internal/suite",
    "internal/testingtproxy",
    "internal/writer",
    "reporters",
    "reporters/stenographer",
    "reporters/stenographer/support/go-colorable",
    "reporters/stenographer/support/go-isatty",
    "types"
  ]
  revision = "a1f616c97771e46da1722d3aa9dcde0a43f55682"

[[projects]]
  name = "github.com/onsi/gomega"
  packages = [
    ".",
    "format",
    "internal/assertion",
    "internal/asyncassertion",
    "internal/oraclematcher",
    "internal/testingtsupport",
    "matchers",
    "matchers/support/goraph/bipartitegraph",
    "matchers/support/goraph/edge",
    "matchers/support/goraph/node",
    "matchers/support/goraph/util",
    "types"
  ]
  revision = "39a54bd3c3bbfe1c331a9b3207e92134c77ed812"

[[projects]]
  name = "github.com/prometheus/client_golang"
  packages = ["prometheus"]
  revision = "42552c195dd3f3089fbf9cf26e139da150af35aa"

[[projects]]
  name = "github.com/prometheus/client_model"
  packages = ["go"]
  revision = "6f3806018612930941127f2a7c6c453ba2c527d2"

[[projects]]
  name = "github.com/prometheus/common"
  packages = [
    "expfmt",
    "internal/bitbucket.org/ww/goautoneg",
    "log",
    "model",
    "version"
  ]
  revision = "13ba4ddd0caa9c28ca7b7bffe1dfa9ed8d5ef207"

[[projects]]
  name = "github.com/prometheus/procfs"
  packages = ["."]
  revision = "490cc6eb5fa45bf8a8b7b73c8bc82a8160e8531d"

[[projects]]
  name = "golang.org/x/net"
  packages = [
    "context",
    "context/ctxhttp",
    "html",
    "html/atom",
    "html/charset"
  ]
  revision = "db8e4de5b2d6653f66aea53094624468caad15d2"

[[projects]]
  name = "golang.org/x/oauth2"
  packages = [
    ".",
    "google",
    "internal",
    "jws",
    "jwt"
  ]
  revision = "b5adcc2dcdf009d0391547edc6ecbaff889f5bb9"

[[projects]]
  name = "golang.org/x/sys"
  packages = [
    "unix",
    "windows",
    "windows/registry",
    "windows/svc/eventlog"
  ]
  revision = "442cd600860ce722f6615730eb008a37a87b13ee"

[[projects]]
  name = "golang.org/x/text"
  packages = [
    "encoding",
    "encoding/charmap",
    "encoding/internal",
    "encoding/internal/identifier",
    "encoding/japanese",
    "encoding/korean",
    "encoding/simplifiedchinese",
    "encoding/traditionalchinese",
    "encoding/unicode",
    "internal/gen",
    "internal/utf8internal",
    "runes",
    "transform",
    "unicode/cldr"
  ]
  revision = "19e51611da83d6be54ddafce4a4af510cb3e9ea4"

[[projects]]
  name = "google.golang.org/api"
  packages = [
    "gensupport",
    "googleapi",
    "googleapi/internal/uritemplates",
    "monitoring/v3"
  ]
  revision = "0209b31435ad4749b84ce122e669fb098f556642"

[[projects]]
  name = "google.golang.org/appengine"
  packages = [
    ".",
    "internal",
    "internal/app_identity",
    "internal/base",
    "internal/datastore",
    "internal/log",
    "internal/modules",
    "internal/remote_api",
    "internal/urlfetch",
    "urlfetch"
  ]
  revision = "150dc57a1b433e64154302bdc40b6bb8aefa313a"
  version = "v1.0.0"

[[projects]]
  name = "google.golang.org/cloud"
  packages = [
    "compute/metadata",
    "internal"
  ]
  revision = "eb47ba841d53d93506cfbfbc03927daf9cc48f88"

[[projects]]
  name = "gopkg.in/yaml.v2"
  packages = ["."]
  revision = "49c95bdc21843256fb6c4e0d370a05f24a0bf213"

[solve-meta]
  analyzer-name = "dep"
  analyzer-version = 1
  inputs-digest = "927f56cec34ac5e557ad6ee268aa2d7cfe6c14d137ca19aa6e8764d0ff0d08c1"
  solver-name = "gps-cdcl"
  solver-version = 1
